
Microsoft Visual Studio Solution File, Format Version 12.00
# Visual Studio Version 16
VisualStudioVersion = 16.0.31005.135
MinimumVisualStudioVersion = 10.0.40219.1
Project("{9A19103F-16F7-4668-BE54-9A1E7A4F7556}") = "Carvajal.Diseños", "Carvajal.Entidades\Carvajal.Diseños.csproj", "{20DB9C0B-3FEC-449F-9E84-844EC3FC1603}"
EndProject
Project("{9A19103F-16F7-4668-BE54-9A1E7A4F7556}") = "Carvajal.Datos", "Carvajal.Datos\Carvajal.Datos.csproj", "{6866AE16-BAB1-413A-BB6B-A0A9FBA59CD0}"
EndProject
Project("{9A19103F-16F7-4668-BE54-9A1E7A4F7556}") = "Carvajal.Servicios", "Carvajal.Servicios\Carvajal.Servicios.csproj", "{0A2644C8-2166-414A-AB47-37EF7BCD63F8}"
EndProject
Project("{9A19103F-16F7-4668-BE54-9A1E7A4F7556}") = "Carvajal.Interface", "Carvajal.Interface\Carvajal.Interface.csproj", "{C02493C2-F825-4696-B2B3-F1122069F866}"
EndProject
Project("{9A19103F-16F7-4668-BE54-9A1E7A4F7556}") = "Carvajal.API", "Carvajal.API\Carvajal.API.csproj", "{6194801C-4406-422A-8A6C-33E85AD2C5AB}"
EndProject
Global
	GlobalSection(SolutionConfigurationPlatforms) = preSolution
		Debug|Any CPU = Debug|Any CPU
		Release|Any CPU = Release|Any CPU
	EndGlobalSection
	GlobalSection(ProjectConfigurationPlatforms) = postSolution
		{20DB9C0B-3FEC-449F-9E84-844EC3FC1603}.Debug|Any CPU.ActiveCfg = Debug|Any CPU
		{20DB9C0B-3FEC-449F-9E84-844EC3FC1603}.Debug|Any CPU.Build.0 = Debug|Any CPU
		{20DB9C0B-3FEC-449F-9E84-844EC3FC1603}.Release|Any CPU.ActiveCfg = Release|Any CPU
		{20DB9C0B-3FEC-449F-9E84-844EC3FC1603}.Release|Any CPU.Build.0 = Release|Any CPU
		{6866AE16-BAB1-413A-BB6B-A0A9FBA59CD0}.Debug|Any CPU.ActiveCfg = Debug|Any CPU
		{6866AE16-BAB1-413A-BB6B-A0A9FBA59CD0}.Debug|Any CPU.Build.0 = Debug|Any CPU
		{6866AE16-BAB1-413A-BB6B-A0A9FBA59CD0}.Release|Any CPU.ActiveCfg = Release|Any CPU
		{6866AE16-BAB1-413A-BB6B-A0A9FBA59CD0}.Release|Any CPU.Build.0 = Release|Any CPU
		{0A2644C8-2166-414A-AB47-37EF7BCD63F8}.Debug|Any CPU.ActiveCfg = Debug|Any CPU
		{0A2644C8-2166-414A-AB47-37EF7BCD63F8}.Debug|Any CPU.Build.0 = Debug|Any CPU
		{0A2644C8-2166-414A-AB47-37EF7BCD63F8}.Release|Any CPU.ActiveCfg = Release|Any CPU
		{0A2644C8-2166-414A-AB47-37EF7BCD63F8}.Release|Any CPU.Build.0 = Release|Any CPU
		{C02493C2-F825-4696-B2B3-F1122069F866}.Debug|Any CPU.ActiveCfg = Debug|Any CPU
		{C02493C2-F825-4696-B2B3-F1122069F866}.Debug|Any CPU.Build.0 = Debug|Any CPU
		{C02493C2-F825-4696-B2B3-F1122069F866}.Release|Any CPU.ActiveCfg = Release|Any CPU
		{C02493C2-F825-4696-B2B3-F1122069F866}.Release|Any CPU.Build.0 = Release|Any CPU
		{6194801C-4406-422A-8A6C-33E85AD2C5AB}.Debug|Any CPU.ActiveCfg = Debug|Any CPU
		{6194801C-4406-422A-8A6C-33E85AD2C5AB}.Debug|Any CPU.Build.0 = Debug|Any CPU
		{6194801C-4406-422A-8A6C-33E85AD2C5AB}.Release|Any CPU.ActiveCfg = Release|Any CPU
		{6194801C-4406-422A-8A6C-33E85AD2C5AB}.Release|Any CPU.Build.0 = Release|Any CPU
	EndGlobalSection
	GlobalSection(SolutionProperties) = preSolution
		HideSolutionNode = FALSE
	EndGlobalSection
	GlobalSection(ExtensibilityGlobals) = postSolution
		SolutionGuid = {1295376E-80DE-42CF-9143-08CBBFB32264}
	EndGlobalSection
EndGlobal
